
Microsoft Visual Studio Solution File, Format Version 12.00
# Visual Studio Version 17
VisualStudioVersion = 17.0.32112.339
MinimumVisualStudioVersion = 10.0.40219.1
Project("{9A19103F-16F7-4668-BE54-9A1E7A4F7556}") = "Mood_Analyser_Problem", "Mood_Analyser_Problem.csproj", "{1F8442CD-6AEA-41F6-83FE-4F439D629EFE}"
EndProject
Project("{FAE04EC0-301F-11D3-BF4B-00C04F79EFBC}") = "MoodAnalyserUnitTest", "..\MoodAnalyserUnitTest\MoodAnalyserUnitTest.csproj", "{6A1D1C54-CB90-4A55-ADFA-AF60BEB252B2}"
EndProject
Global
	GlobalSection(SolutionConfigurationPlatforms) = preSolution
		Debug|Any CPU = Debug|Any CPU
		Release|Any CPU = Release|Any CPU
	EndGlobalSection
	GlobalSection(ProjectConfigurationPlatforms) = postSolution
		{1F8442CD-6AEA-41F6-83FE-4F439D629EFE}.Debug|Any CPU.ActiveCfg = Debug|Any CPU
		{1F8442CD-6AEA-41F6-83FE-4F439D629EFE}.Debug|Any CPU.Build.0 = Debug|Any CPU
		{1F8442CD-6AEA-41F6-83FE-4F439D629EFE}.Release|Any CPU.ActiveCfg = Release|Any CPU
		{1F8442CD-6AEA-41F6-83FE-4F439D629EFE}.Release|Any CPU.Build.0 = Release|Any CPU
		{6A1D1C54-CB90-4A55-ADFA-AF60BEB252B2}.Debug|Any CPU.ActiveCfg = Debug|Any CPU
		{6A1D1C54-CB90-4A55-ADFA-AF60BEB252B2}.Debug|Any CPU.Build.0 = Debug|Any CPU
		{6A1D1C54-CB90-4A55-ADFA-AF60BEB252B2}.Release|Any CPU.ActiveCfg = Release|Any CPU
		{6A1D1C54-CB90-4A55-ADFA-AF60BEB252B2}.Release|Any CPU.Build.0 = Release|Any CPU
	EndGlobalSection
	GlobalSection(SolutionProperties) = preSolution
		HideSolutionNode = FALSE
	EndGlobalSection
	GlobalSection(ExtensibilityGlobals) = postSolution
		SolutionGuid = {CFEB0B89-C115-47A4-8680-1131F7213F1F}
	EndGlobalSection
EndGlobal
